
Microsoft Visual Studio Solution File, Format Version 12.00
# Visual Studio Version 16
VisualStudioVersion = 16.0.29709.97
MinimumVisualStudioVersion = 10.0.40219.1
Project("{9A19103F-16F7-4668-BE54-9A1E7A4F7556}") = "RazorPagePro", "RazorPagePro\RazorPagePro.csproj", "{D492F130-910C-4573-AD5C-E139464EE0EB}"
EndProject
Project("{FAE04EC0-301F-11D3-BF4B-00C04F79EFBC}") = "TestRazorPageProject", "TestRazorPageProject\TestRazorPageProject.csproj", "{2365364A-E63B-41A9-9853-236080E1EDC3}"
EndProject
Global
	GlobalSection(SolutionConfigurationPlatforms) = preSolution
		Debug|Any CPU = Debug|Any CPU
		Release|Any CPU = Release|Any CPU
	EndGlobalSection
	GlobalSection(ProjectConfigurationPlatforms) = postSolution
		{D492F130-910C-4573-AD5C-E139464EE0EB}.Debug|Any CPU.ActiveCfg = Debug|Any CPU
		{D492F130-910C-4573-AD5C-E139464EE0EB}.Debug|Any CPU.Build.0 = Debug|Any CPU
		{D492F130-910C-4573-AD5C-E139464EE0EB}.Release|Any CPU.ActiveCfg = Release|Any CPU
		{D492F130-910C-4573-AD5C-E139464EE0EB}.Release|Any CPU.Build.0 = Release|Any CPU
		{2365364A-E63B-41A9-9853-236080E1EDC3}.Debug|Any CPU.ActiveCfg = Debug|Any CPU
		{2365364A-E63B-41A9-9853-236080E1EDC3}.Debug|Any CPU.Build.0 = Debug|Any CPU
		{2365364A-E63B-41A9-9853-236080E1EDC3}.Release|Any CPU.ActiveCfg = Release|Any CPU
		{2365364A-E63B-41A9-9853-236080E1EDC3}.Release|Any CPU.Build.0 = Release|Any CPU
	EndGlobalSection
	GlobalSection(SolutionProperties) = preSolution
		HideSolutionNode = FALSE
	EndGlobalSection
	GlobalSection(ExtensibilityGlobals) = postSolution
		SolutionGuid = {B64A4606-AC0E-4E64-A6B8-8826E567AA42}
	EndGlobalSection
EndGlobal
